
Microsoft Visual Studio Solution File, Format Version 12.00
# Visual Studio Version 17
VisualStudioVersion = 17.13.35806.99
MinimumVisualStudioVersion = 10.0.40219.1
Project("{FAE04EC0-301F-11D3-BF4B-00C04F79EFBC}") = "Gistapp", "Gistapp\Gistapp.csproj", "{EA601AFB-16E8-4030-94F0-5C9E10AF3E6F}"
EndProject
Global
	GlobalSection(SolutionConfigurationPlatforms) = preSolution
		Debug|Any CPU = Debug|Any CPU
		Release|Any CPU = Release|Any CPU
	EndGlobalSection
	GlobalSection(ProjectConfigurationPlatforms) = postSolution
		{EA601AFB-16E8-4030-94F0-5C9E10AF3E6F}.Debug|Any CPU.ActiveCfg = Debug|Any CPU
		{EA601AFB-16E8-4030-94F0-5C9E10AF3E6F}.Debug|Any CPU.Build.0 = Debug|Any CPU
		{EA601AFB-16E8-4030-94F0-5C9E10AF3E6F}.Release|Any CPU.ActiveCfg = Release|Any CPU
		{EA601AFB-16E8-4030-94F0-5C9E10AF3E6F}.Release|Any CPU.Build.0 = Release|Any CPU
	EndGlobalSection
	GlobalSection(SolutionProperties) = preSolution
		HideSolutionNode = FALSE
	EndGlobalSection
	GlobalSection(ExtensibilityGlobals) = postSolution
		SolutionGuid = {929C56D9-DCE8-40C1-B40E-EA5449E413B1}
	EndGlobalSection
EndGlobal
